Microsoft Visual Studio Solution File, Format Version 12.00
# Visual Studio Version 17
VisualStudioVersion = 17.5.2.0
MinimumVisualStudioVersion = 10.0.40219.1
Project("{9A19103F-16F7-4668-BE54-9A1E7A4F7556}") = "TGM", "src\back\TGM\TGM.csproj", "{B2436492-E286-13B7-361D-E62EAFFEEE51}"
EndProject
Project("{9A19103F-16F7-4668-BE54-9A1E7A4F7556}") = "PartnersPromoLambda", "src\back\PartnersPromoLambda\PartnersPromoLambda.csproj", "{DD5FB09F-A0E4-4A8F-AFF9-299DD8D53BBC}"
EndProject
Project("{9A19103F-16F7-4668-BE54-9A1E7A4F7556}") = "TgmCore", "src\back\TgmCore\TgmCore.csproj", "{22790EF6-447A-4BAC-B8AF-ABCDC5B4242B}"
EndProject
Global
	GlobalSection(SolutionConfigurationPlatforms) = preSolution
		Debug|Any CPU = Debug|Any CPU
		Release|Any CPU = Release|Any CPU
	EndGlobalSection
	GlobalSection(ProjectConfigurationPlatforms) = postSolution
		{B2436492-E286-13B7-361D-E62EAFFEEE51}.Debug|Any CPU.ActiveCfg = Debug|Any CPU
		{B2436492-E286-13B7-361D-E62EAFFEEE51}.Debug|Any CPU.Build.0 = Debug|Any CPU
		{B2436492-E286-13B7-361D-E62EAFFEEE51}.Release|Any CPU.ActiveCfg = Release|Any CPU
		{B2436492-E286-13B7-361D-E62EAFFEEE51}.Release|Any CPU.Build.0 = Release|Any CPU
		{DD5FB09F-A0E4-4A8F-AFF9-299DD8D53BBC}.Debug|Any CPU.ActiveCfg = Debug|Any CPU
		{DD5FB09F-A0E4-4A8F-AFF9-299DD8D53BBC}.Debug|Any CPU.Build.0 = Debug|Any CPU
		{DD5FB09F-A0E4-4A8F-AFF9-299DD8D53BBC}.Release|Any CPU.ActiveCfg = Release|Any CPU
		{DD5FB09F-A0E4-4A8F-AFF9-299DD8D53BBC}.Release|Any CPU.Build.0 = Release|Any CPU
		{22790EF6-447A-4BAC-B8AF-ABCDC5B4242B}.Debug|Any CPU.ActiveCfg = Debug|Any CPU
		{22790EF6-447A-4BAC-B8AF-ABCDC5B4242B}.Debug|Any CPU.Build.0 = Debug|Any CPU
		{22790EF6-447A-4BAC-B8AF-ABCDC5B4242B}.Release|Any CPU.ActiveCfg = Release|Any CPU
		{22790EF6-447A-4BAC-B8AF-ABCDC5B4242B}.Release|Any CPU.Build.0 = Release|Any CPU
	EndGlobalSection
	GlobalSection(SolutionProperties) = preSolution
		HideSolutionNode = FALSE
	EndGlobalSection
	GlobalSection(ExtensibilityGlobals) = postSolution
		SolutionGuid = {97ED2F6E-6B01-4235-AF74-20BB256B6CC5}
	EndGlobalSection
EndGlobal
