Microsoft Visual Studio Solution File, Format Version 12.00
# Visual Studio Version 17
VisualStudioVersion = 17.5.2.0
MinimumVisualStudioVersion = 10.0.40219.1
Project("{FAE04EC0-301F-11D3-BF4B-00C04F79EFBC}") = "TGM", "TGM.csproj", "{B2436492-E286-13B7-361D-E62EAFFEEE51}"
EndProject
Global
	GlobalSection(SolutionConfigurationPlatforms) = preSolution
		Debug|Any CPU = Debug|Any CPU
		Release|Any CPU = Release|Any CPU
	EndGlobalSection
	GlobalSection(ProjectConfigurationPlatforms) = postSolution
		{B2436492-E286-13B7-361D-E62EAFFEEE51}.Debug|Any CPU.ActiveCfg = Debug|Any CPU
		{B2436492-E286-13B7-361D-E62EAFFEEE51}.Debug|Any CPU.Build.0 = Debug|Any CPU
		{B2436492-E286-13B7-361D-E62EAFFEEE51}.Release|Any CPU.ActiveCfg = Release|Any CPU
		{B2436492-E286-13B7-361D-E62EAFFEEE51}.Release|Any CPU.Build.0 = Release|Any CPU
	EndGlobalSection
	GlobalSection(SolutionProperties) = preSolution
		HideSolutionNode = FALSE
	EndGlobalSection
	GlobalSection(ExtensibilityGlobals) = postSolution
		SolutionGuid = {97ED2F6E-6B01-4235-AF74-20BB256B6CC5}
	EndGlobalSection
EndGlobal
